
Microsoft Visual Studio Solution File, Format Version 12.00
# Visual Studio Version 16
VisualStudioVersion = 16.0.29020.237
MinimumVisualStudioVersion = 10.0.40219.1
Project("{FAE04EC0-301F-11D3-BF4B-00C04F79EFBC}") = "Fun_with_SystemGC", "Fun_with_SystemGC\Fun_with_SystemGC.csproj", "{B890C4B6-471E-45B9-9D21-F6C349022B97}"
EndProject
Global
	GlobalSection(SolutionConfigurationPlatforms) = preSolution
		Debug|Any CPU = Debug|Any CPU
		Release|Any CPU = Release|Any CPU
	EndGlobalSection
	GlobalSection(ProjectConfigurationPlatforms) = postSolution
		{B890C4B6-471E-45B9-9D21-F6C349022B97}.Debug|Any CPU.ActiveCfg = Debug|Any CPU
		{B890C4B6-471E-45B9-9D21-F6C349022B97}.Debug|Any CPU.Build.0 = Debug|Any CPU
		{B890C4B6-471E-45B9-9D21-F6C349022B97}.Release|Any CPU.ActiveCfg = Release|Any CPU
		{B890C4B6-471E-45B9-9D21-F6C349022B97}.Release|Any CPU.Build.0 = Release|Any CPU
	EndGlobalSection
	GlobalSection(SolutionProperties) = preSolution
		HideSolutionNode = FALSE
	EndGlobalSection
	GlobalSection(ExtensibilityGlobals) = postSolution
		SolutionGuid = {CFFE336E-AAE3-4E21-83C1-0258AE243B00}
	EndGlobalSection
EndGlobal
